%{"cowboy": {:git, "https://github.com/ninenines/cowboy.git", "a2facaf2da2c95df32ffdc529bd3bdd9f91c080c", []},
  "cowlib": {:git, "https://github.com/ninenines/cowlib.git", "11e07d3c2b164d06ad35188d83ad70e7501396db", [ref: "2.0.0-rc.1"]},
  "dialyxir": {:hex, :dialyxir, "0.5.1", "b331b091720fd93e878137add264bac4f644e1ddae07a70bf7062c7862c4b952", [:mix], []},
  "earmark": {:hex, :earmark, "1.2.3", "206eb2e2ac1a794aa5256f3982de7a76bf4579ff91cb28d0e17ea2c9491e46a4", [:mix], []},
  "ex_doc": {:hex, :ex_doc, "0.15.1", "d5f9d588fd802152516fccfdb96d6073753f77314fcfee892b15b6724ca0d596", [:mix], [{:earmark, "~> 1.1", [hex: :earmark, optional: false]}]},
  "gun": {:git, "https://github.com/ninenines/gun.git", "3aab5ef99b98f618f701510d76bcf639b915794f", [ref: "1.0.0-pre.3"]},
  "json": {:hex, :json, "1.0.2", "fa75ed4f355cd4ab468c25588171f8002a7274d3d5fb376c18822ddfc7c33f1f", [:mix], []},
  "quickrand": {:hex, :quickrand, "1.7.1", "b0c2a41d08c955f055c44bed357660de443cd9068a33aba530076910b7333659", [:rebar3], []},
  "ranch": {:git, "https://github.com/ninenines/ranch.git", "55c2a9d623454f372a15e99721a37093d8773b48", [ref: "1.4.0"]},
  "uuid": {:git, "https://github.com/okeuday/uuid.git", "8f8e8516296b0594705ab5851c687e80d4c0a38a", []}}
